
Microsoft Visual Studio Solution File, Format Version 12.00
# Visual Studio Version 17
VisualStudioVersion = 17.1.32328.378
MinimumVisualStudioVersion = 10.0.40219.1
Project("{9A19103F-16F7-4668-BE54-9A1E7A4F7556}") = "ToDoList", "ListSmarter\ToDoList.csproj", "{6FB554B0-2C2D-4B3B-9D84-6E1F96E616DE}"
EndProject
Project("{9A19103F-16F7-4668-BE54-9A1E7A4F7556}") = "ToDoListWebApi", "ToDoListWebApi\ToDoListWebApi.csproj", "{E87BB12C-DD0F-4F96-B922-E1D08C0FEF0A}"
EndProject
Global
	GlobalSection(SolutionConfigurationPlatforms) = preSolution
		Debug|Any CPU = Debug|Any CPU
		Release|Any CPU = Release|Any CPU
	EndGlobalSection
	GlobalSection(ProjectConfigurationPlatforms) = postSolution
		{6FB554B0-2C2D-4B3B-9D84-6E1F96E616DE}.Debug|Any CPU.ActiveCfg = Debug|Any CPU
		{6FB554B0-2C2D-4B3B-9D84-6E1F96E616DE}.Debug|Any CPU.Build.0 = Debug|Any CPU
		{6FB554B0-2C2D-4B3B-9D84-6E1F96E616DE}.Release|Any CPU.ActiveCfg = Release|Any CPU
		{6FB554B0-2C2D-4B3B-9D84-6E1F96E616DE}.Release|Any CPU.Build.0 = Release|Any CPU
		{E87BB12C-DD0F-4F96-B922-E1D08C0FEF0A}.Debug|Any CPU.ActiveCfg = Debug|Any CPU
		{E87BB12C-DD0F-4F96-B922-E1D08C0FEF0A}.Debug|Any CPU.Build.0 = Debug|Any CPU
		{E87BB12C-DD0F-4F96-B922-E1D08C0FEF0A}.Release|Any CPU.ActiveCfg = Release|Any CPU
		{E87BB12C-DD0F-4F96-B922-E1D08C0FEF0A}.Release|Any CPU.Build.0 = Release|Any CPU
	EndGlobalSection
	GlobalSection(SolutionProperties) = preSolution
		HideSolutionNode = FALSE
	EndGlobalSection
	GlobalSection(ExtensibilityGlobals) = postSolution
		SolutionGuid = {E5971F33-BD72-47AB-8EA1-30ED27A8248A}
	EndGlobalSection
EndGlobal
